
Microsoft Visual Studio Solution File, Format Version 12.00
# Visual Studio Version 16
VisualStudioVersion = 16.0.29201.188
MinimumVisualStudioVersion = 10.0.40219.1
Project("{FAE04EC0-301F-11D3-BF4B-00C04F79EFBC}") = "SupremeBot", "SupremeBot.csproj", "{66439EC2-0C04-4D90-8E36-A5C5564C5F4D}"
EndProject
Global
	GlobalSection(SolutionConfigurationPlatforms) = preSolution
		Debug|Any CPU = Debug|Any CPU
		Release|Any CPU = Release|Any CPU
	EndGlobalSection
	GlobalSection(ProjectConfigurationPlatforms) = postSolution
		{66439EC2-0C04-4D90-8E36-A5C5564C5F4D}.Debug|Any CPU.ActiveCfg = Debug|Any CPU
		{66439EC2-0C04-4D90-8E36-A5C5564C5F4D}.Debug|Any CPU.Build.0 = Debug|Any CPU
		{66439EC2-0C04-4D90-8E36-A5C5564C5F4D}.Release|Any CPU.ActiveCfg = Release|Any CPU
		{66439EC2-0C04-4D90-8E36-A5C5564C5F4D}.Release|Any CPU.Build.0 = Release|Any CPU
	EndGlobalSection
	GlobalSection(SolutionProperties) = preSolution
		HideSolutionNode = FALSE
	EndGlobalSection
	GlobalSection(ExtensibilityGlobals) = postSolution
		SolutionGuid = {6F078213-D0F9-4058-BDA0-115D7B7E2734}
	EndGlobalSection
EndGlobal
